// !$*UTF8*$!
{
	archiveVersion = 1;
	classes = {
	};
	objectVersion = 46;
	objects = {

/* Begin PBXBuildFile section */
		EDE728911D766B5D009B3E8E /* AppDelegate.swift in Sources */ = {isa = PBXBuildFile; fileRef = EDE728901D766B5D009B3E8E /* AppDelegate.swift */; };
		EDE728931D766B5D009B3E8E /* ViewController.swift in Sources */ = {isa = PBXBuildFile; fileRef = EDE728921D766B5D009B3E8E /* ViewController.swift */; };
		EDE728961D766B5D009B3E8E /* Main.storyboard in Resources */ = {isa = PBXBuildFile; fileRef = EDE728941D766B5D009B3E8E /* Main.storyboard */; };
		EDE728981D766B5D009B3E8E /* Assets.xcassets in Resources */ = {isa = PBXBuildFile; fileRef = EDE728971D766B5D009B3E8E /* Assets.xcassets */; };
		EDE7289B1D766B5D009B3E8E /* LaunchScreen.storyboard in Resources */ = {isa = PBXBuildFile; fileRef = EDE728991D766B5D009B3E8E /* LaunchScreen.storyboard */; };
/* End PBXBuildFile section */

/* Begin PBXFileReference section */
		EDE7288D1D766B5D009B3E8E /* Guess The Number.app */ = {isa = PBXFileReference; explicitFileType = wrapper.application; includeInIndex = 0; path = "Guess The Number.app"; sourceTree = BUILT_PRODUCTS_DIR; };
		EDE728901D766B5D009B3E8E /* AppDelegate.swift */ = {isa = PBXFileReference; lastKnownFileType = sourcecode.swift; path = AppDelegate.swift; sourceTree = "<group>"; };
		EDE728921D766B5D009B3E8E /* ViewController.swift */ = {isa = PBXFileReference; lastKnownFileType = sourcecode.swift; path = ViewController.swift; sourceTree = "<group>"; };
		EDE728951D766B5D009B3E8E /* Base */ = {isa = PBXFileReference; lastKnownFileType = file.storyboard; name = Base; path = Base.lproj/Main.storyboard; sourceTree = "<group>"; };
		EDE728971D766B5D009B3E8E /* Assets.xcassets */ = {isa = PBXFileReference; lastKnownFileType = folder.assetcatalog; path = Assets.xcassets; sourceTree = "<group>"; };
		EDE7289A1D766B5D009B3E8E /* Base */ = {isa = PBXFileReference; lastKnownFileType = file.storyboard; name = Base; path = Base.lproj/LaunchScreen.storyboard; sourceTree = "<group>"; };
		EDE7289C1D766B5D009B3E8E /* Info.plist */ = {isa = PBXFileReference; lastKnownFileType = text.plist.xml; path = Info.plist; sourceTree = "<group>"; };
/* End PBXFileReference section */

/* Begin PBXFrameworksBuildPhase section */
		EDE7288A1D766B5D009B3E8E /* Frameworks */ = {
			isa = PBXFrameworksBuildPhase;
			buildActionMask = 2147483647;
			files = (
			);
			runOnlyForDeploymentPostprocessing = 0;
		};
/* End PBXFrameworksBuildPhase section */

/* Begin PBXGroup section */
		EDE728841D766B5D009B3E8E = {
			isa = PBXGroup;
			children = (
				EDE7288F1D766B5D009B3E8E /* Guess The Number */,
				EDE7288E1D766B5D009B3E8E /* Products */,
			);
			sourceTree = "<group>";
		};
		EDE7288E1D766B5D009B3E8E /* Products */ = {
			isa = PBXGroup;
			children = (
				EDE7288D1D766B5D009B3E8E /* Guess The Number.app */,
			);
			name = Products;
			sourceTree = "<group>";
		};
		EDE7288F1D766B5D009B3E8E /* Guess The Number */ = {
			isa = PBXGroup;
			children = (
				EDE728901D766B5D009B3E8E /* AppDelegate.swift */,
				EDE728921D766B5D009B3E8E /* ViewController.swift */,
				EDE728941D766B5D009B3E8E /* Main.storyboard */,
				EDE728971D766B5D009B3E8E /* Assets.xcassets */,
				EDE728991D766B5D009B3E8E /* LaunchScreen.storyboard */,
				EDE7289C1D766B5D009B3E8E /* Info.plist */,
			);
			path = "Guess The Number";
			sourceTree = "<group>";
		};
/* End PBXGroup section */

/* Begin PBXNativeTarget section */
		EDE7288C1D766B5D009B3E8E /* Guess The Number */ = {
			isa = PBXNativeTarget;
			buildConfigurationList = EDE728B51D766B5E009B3E8E /* Build configuration list for PBXNativeTarget "Guess The Number" */;
			buildPhases = (
				EDE728891D766B5D009B3E8E /* Sources */,
				EDE7288A1D766B5D009B3E8E /* Frameworks */,
				EDE7288B1D766B5D009B3E8E /* Resources */,
			);
			buildRules = (
			);
			dependencies = (
			);
			name = "Guess The Number";
			productName = "Guess The Number";
			productReference = EDE7288D1D766B5D009B3E8E /* Guess The Number.app */;
			productType = "com.apple.product-type.application";
		};
/* End PBXNativeTarget section */

/* Begin PBXProject section */
		EDE728851D766B5D009B3E8E /* Project object */ = {
			isa = PBXProject;
			attributes = {
				LastSwiftUpdateCheck = 0730;
				LastUpgradeCheck = 1010;
				ORGANIZATIONNAME = "Georgia Tech iOS Club";
				TargetAttributes = {
					EDE7288C1D766B5D009B3E8E = {
						CreatedOnToolsVersion = 7.3.1;
						DevelopmentTeam = 5U48XLFTQZ;
						LastSwiftMigration = 1010;
					};
				};
			};
			buildConfigurationList = EDE728881D766B5D009B3E8E /* Build configuration list for PBXProject "Guess The Number" */;
			compatibilityVersion = "Xcode 3.2";
			developmentRegion = English;
			hasScannedForEncodings = 0;
			knownRegions = (
				en,
				Base,
			);
			mainGroup = EDE728841D766B5D009B3E8E;
			productRefGroup = EDE7288E1D766B5D009B3E8E /* Products */;
			projectDirPath = "";
			projectRoot = "";
			targets = (
				EDE7288C1D766B5D009B3E8E /* Guess The Number */,
			);
		};
/* End PBXProject section */

/* Begin PBXResourcesBuildPhase section */
		EDE7288B1D766B5D009B3E8E /* Resources */ = {
			isa = PBXResourcesBuildPhase;
			buildActionMask = 2147483647;
			files = (
				EDE7289B1D766B5D009B3E8E /* LaunchScreen.storyboard in Resources */,
				EDE728981D766B5D009B3E8E /* Assets.xcassets in Resources */,
				EDE728961D766B5D009B3E8E /* Main.storyboard in Resources */,
			);
			runOnlyForDeploymentPostprocessing = 0;
		};
/* End PBXResourcesBuildPhase section */

/* Begin PBXSourcesBuildPhase section */
		EDE728891D766B5D009B3E8E /* Sources */ = {
			isa = PBXSourcesBuildPhase;
			buildActionMask = 2147483647;
			files = (
				EDE728931D766B5D009B3E8E /* ViewController.swift in Sources */,
				EDE728911D766B5D009B3E8E /* AppDelegate.swift in Sources */,
			);
			runOnlyForDeploymentPostprocessing = 0;
		};
/* End PBXSourcesBuildPhase section */

/* Begin PBXVariantGroup section */
		EDE728941D766B5D009B3E8E /* Main.storyboard */ = {
			isa = PBXVariantGroup;
			children = (
				EDE728951D766B5D009B3E8E /* Base */,
			);
			name = Main.storyboard;
			sourceTree = "<group>";
		};
		EDE728991D766B5D009B3E8E /* LaunchScreen.storyboard */ = {
			isa = PBXVariantGroup;
			children = (
				EDE7289A1D766B5D009B3E8E /* Base */,
			);
			name = LaunchScreen.storyboard;
			sourceTree = "<group>";
		};
/* End PBXVariantGroup section */

/* Begin XCBuildConfiguration section */
		EDE728B31D766B5E009B3E8E /* Debug */ = {
			isa = XCBuildConfiguration;
			buildSettings = {
				ALWAYS_SEARCH_USER_PATHS = NO;
				CLANG_ANALYZER_NONNULL = YES;
				CLANG_CXX_LANGUAGE_STANDARD = "gnu++0x";
				CLANG_CXX_LIBRARY = "libc++";
				CLANG_ENABLE_MODULES = YES;
				CLANG_ENABLE_OBJC_ARC = YES;
				CLANG_WARN_BLOCK_CAPTURE_AUTORELEASING = YES;
				CLANG_WARN_BOOL_CONVERSION = YES;
				CLANG_WARN_COMMA = YES;
				CLANG_WARN_CONSTANT_CONVERSION = YES;
				CLANG_WARN_DEPRECATED_OBJC_IMPLEMENTATIONS = YES;
				CLANG_WARN_DIRECT_OBJC_ISA_USAGE = YES_ERROR;
				CLANG_WARN_EMPTY_BODY = YES;
				CLANG_WARN_ENUM_CONVERSION = YES;
				CLANG_WARN_INFINITE_RECURSION = YES;
				CLANG_WARN_INT_CONVERSION = YES;
				CLANG_WARN_NON_LITERAL_NULL_CONVERSION = YES;
				CLANG_WARN_OBJC_IMPLICIT_RETAIN_SELF = YES;
				CLANG_WARN_OBJC_LITERAL_CONVERSION = YES;
				CLANG_WARN_OBJC_ROOT_CLASS = YES_ERROR;
				CLANG_WARN_RANGE_LOOP_ANALYSIS = YES;
				CLANG_WARN_STRICT_PROTOTYPES = YES;
				CLANG_WARN_SUSPICIOUS_MOVE = YES;
				CLANG_WARN_UNREACHABLE_CODE = YES;
				CLANG_WARN__DUPLICATE_METHOD_MATCH = YES;
				"CODE_SIGN_IDENTITY[sdk=iphoneos*]" = "iPhone Developer";
				COPY_PHASE_STRIP = NO;
				DEBUG_INFORMATION_FORMAT = dwarf;
				ENABLE_STRICT_OBJC_MSGSEND = YES;
				ENABLE_TESTABILITY = YES;
				GCC_C_LANGUAGE_STANDARD = gnu99;
				GCC_DYNAMIC_NO_PIC = NO;
				GCC_NO_COMMON_BLOCKS = YES;
				GCC_OPTIMIZATION_LEVEL = 0;
				GCC_PREPROCESSOR_DEFINITIONS = (
					"DEBUG=1",
					"$(inherited)",
				);
				GCC_WARN_64_TO_32_BIT_CONVERSION = YES;
				GCC_WARN_ABOUT_RETURN_TYPE = YES_ERROR;
				GCC_WARN_UNDECLARED_SELECTOR = YES;
				GCC_WARN_UNINITIALIZED_AUTOS = YES_AGGRESSIVE;
				GCC_WARN_UNUSED_FUNCTION = YES;
				GCC_WARN_UNUSED_VARIABLE = YES;
				IPHONEOS_DEPLOYMENT_TARGET = 9.3;
				MTL_ENABLE_DEBUG_INFO = YES;
				ONLY_ACTIVE_ARCH = YES;
				SDKROOT = iphoneos;
				SWIFT_OPTIMIZATION_LEVEL = "-Onone";
				TARGETED_DEVICE_FAMILY = "1,2";
			};
			name = Debug;
		};
		EDE728B41D766B5E009B3E8E /* Release */ = {
			isa = XCBuildConfiguration;
			buildSettings = {
				ALWAYS_SEARCH_USER_PATHS = NO;
				CLANG_ANALYZER_NONNULL = YES;
				CLANG_CXX_LANGUAGE_STANDARD = "gnu++0x";
				CLANG_CXX_LIBRARY = "libc++";
				CLANG_ENABLE_MODULES = YES;
				CLANG_ENABLE_OBJC_ARC = YES;
				CLANG_WARN_BLOCK_CAPTURE_AUTORELEASING = YES;
				CLANG_WARN_BOOL_CONVERSION = YES;
				CLANG_WARN_COMMA = YES;
				CLANG_WARN_CONSTANT_CONVERSION = YES;
				CLANG_WARN_DEPRECATED_OBJC_IMPLEMENTATIONS = YES;
				CLANG_WARN_DIRECT_OBJC_ISA_USAGE = YES_ERROR;
				CLANG_WARN_EMPTY_BODY = YES;
				CLANG_WARN_ENUM_CONVERSION = YES;
				CLANG_WARN_INFINITE_RECURSION = YES;
				CLANG_WARN_INT_CONVERSION = YES;
				CLANG_WARN_NON_LITERAL_NULL_CONVERSION = YES;
				CLANG_WARN_OBJC_IMPLICIT_RETAIN_SELF = YES;
				CLANG_WARN_OBJC_LITERAL_CONVERSION = YES;
				CLANG_WARN_OBJC_ROOT_CLASS = YES_ERROR;
				CLANG_WARN_RANGE_LOOP_ANALYSIS = YES;
				CLANG_WARN_STRICT_PROTOTYPES = YES;
				CLANG_WARN_SUSPICIOUS_MOVE = YES;
				CLANG_WARN_UNREACHABLE_CODE = YES;
				CLANG_WARN__DUPLICATE_METHOD_MATCH = YES;
				"CODE_SIGN_IDENTITY[sdk=iphoneos*]" = "iPhone Developer";
				COPY_PHASE_STRIP = NO;
				DEBUG_INFORMATION_FORMAT = "dwarf-with-dsym";
				ENABLE_NS_ASSERTIONS = NO;
				ENABLE_STRICT_OBJC_MSGSEND = YES;
				GCC_C_LANGUAGE_STANDARD = gnu99;
				GCC_NO_COMMON_BLOCKS = YES;
				GCC_WARN_64_TO_32_BIT_CONVERSION = YES;
				GCC_WARN_ABOUT_RETURN_TYPE = YES_ERROR;
				GCC_WARN_UNDECLARED_SELECTOR = YES;
				GCC_WARN_UNINITIALIZED_AUTOS = YES_AGGRESSIVE;
				GCC_WARN_UNUSED_FUNCTION = YES;
				GCC_WARN_UNUSED_VARIABLE = YES;
				IPHONEOS_DEPLOYMENT_TARGET = 9.3;
				MTL_ENABLE_DEBUG_INFO = NO;
				SDKROOT = iphoneos;
				SWIFT_OPTIMIZATION_LEVEL = "-Owholemodule";
				TARGETED_DEVICE_FAMILY = "1,2";
				VALIDATE_PRODUCT = YES;
			};
			name = Release;
		};
		EDE728B61D766B5E009B3E8E /* Debug */ = {
			isa = XCBuildConfiguration;
			buildSettings = {
				ASSETCATALOG_COMPILER_APPICON_NAME = AppIcon;
				CODE_SIGN_IDENTITY = "iPhone Developer";
				DEVELOPMENT_TEAM = 5U48XLFTQZ;
				INFOPLIST_FILE = "Guess The Number/Info.plist";
				LD_RUNPATH_SEARCH_PATHS = "$(inherited) @executable_path/Frameworks";
				PRODUCT_BUNDLE_IDENTIFIER = "xyz.iosgatech.Guess-The-Number";
				PRODUCT_NAME = "$(TARGET_NAME)";
				SWIFT_SWIFT3_OBJC_INFERENCE = Off;
				SWIFT_VERSION = 4.2;
			};
			name = Debug;
		};
		EDE728B71D766B5E009B3E8E /* Release */ = {
			isa = XCBuildConfiguration;
			buildSettings = {
				ASSETCATALOG_COMPILER_APPICON_NAME = AppIcon;
				CODE_SIGN_IDENTITY = "iPhone Developer";
				DEVELOPMENT_TEAM = 5U48XLFTQZ;
				INFOPLIST_FILE = "Guess The Number/Info.plist";
				LD_RUNPATH_SEARCH_PATHS = "$(inherited) @executable_path/Frameworks";
				PRODUCT_BUNDLE_IDENTIFIER = "xyz.iosgatech.Guess-The-Number";
				PRODUCT_NAME = "$(TARGET_NAME)";
				SWIFT_SWIFT3_OBJC_INFERENCE = Off;
				SWIFT_VERSION = 4.2;
			};
			name = Release;
		};
/* End XCBuildConfiguration section */

/* Begin XCConfigurationList section */
		EDE728881D766B5D009B3E8E /* Build configuration list for PBXProject "Guess The Number" */ = {
			isa = XCConfigurationList;
			buildConfigurations = (
				EDE728B31D766B5E009B3E8E /* Debug */,
				EDE728B41D766B5E009B3E8E /* Release */,
			);
			defaultConfigurationIsVisible = 0;
			defaultConfigurationName = Release;
		};
		EDE728B51D766B5E009B3E8E /* Build configuration list for PBXNativeTarget "Guess The Number" */ = {
			isa = XCConfigurationList;
			buildConfigurations = (
				EDE728B61D766B5E009B3E8E /* Debug */,
				EDE728B71D766B5E009B3E8E /* Release */,
			);
			defaultConfigurationIsVisible = 0;
			defaultConfigurationName = Release;
		};
/* End XCConfigurationList section */
	};
	rootObject = EDE728851D766B5D009B3E8E /* Project object */;
}
